
Microsoft Visual Studio Solution File, Format Version 12.00
# Visual Studio 15
VisualStudioVersion = 15.0.28307.572
MinimumVisualStudioVersion = 10.0.40219.1
Project("{FAE04EC0-301F-11D3-BF4B-00C04F79EFBC}") = "LidarTestingUtility", "LidarTestingUtility.csproj", "{7C78ABC0-A67D-439E-91FB-308836858F79}"
EndProject
Global
	GlobalSection(SolutionConfigurationPlatforms) = preSolution
		Debug|Any CPU = Debug|Any CPU
		Release|Any CPU = Release|Any CPU
	EndGlobalSection
	GlobalSection(ProjectConfigurationPlatforms) = postSolution
		{7C78ABC0-A67D-439E-91FB-308836858F79}.Debug|Any CPU.ActiveCfg = Debug|Any CPU
		{7C78ABC0-A67D-439E-91FB-308836858F79}.Debug|Any CPU.Build.0 = Debug|Any CPU
		{7C78ABC0-A67D-439E-91FB-308836858F79}.Release|Any CPU.ActiveCfg = Release|Any CPU
		{7C78ABC0-A67D-439E-91FB-308836858F79}.Release|Any CPU.Build.0 = Release|Any CPU
	EndGlobalSection
	GlobalSection(SolutionProperties) = preSolution
		HideSolutionNode = FALSE
	EndGlobalSection
	GlobalSection(ExtensibilityGlobals) = postSolution
		SolutionGuid = {4B66A332-2444-42BE-9389-DE82A99B1C8E}
	EndGlobalSection
EndGlobal
